// !$*UTF8*$!
{
	archiveVersion = 1;
	classes = {
	};
	objectVersion = 46;
	objects = {

/* Begin PBXBuildFile section */
		AB2D39951EF1CE3900DC1FC3 /* AppDelegate.swift in Sources */ = {isa = PBXBuildFile; fileRef = AB2D39941EF1CE3900DC1FC3 /* AppDelegate.swift */; };
		AB2D39971EF1CE3900DC1FC3 /* ViewController.swift in Sources */ = {isa = PBXBuildFile; fileRef = AB2D39961EF1CE3900DC1FC3 /* ViewController.swift */; };
		AB2D399A1EF1CE3900DC1FC3 /* Main.storyboard in Resources */ = {isa = PBXBuildFile; fileRef = AB2D39981EF1CE3900DC1FC3 /* Main.storyboard */; };
		AB2D399D1EF1CE3900DC1FC3 /* SlightestMoney.xcdatamodeld in Sources */ = {isa = PBXBuildFile; fileRef = AB2D399B1EF1CE3900DC1FC3 /* SlightestMoney.xcdatamodeld */; };
		AB2D399F1EF1CE3900DC1FC3 /* Assets.xcassets in Resources */ = {isa = PBXBuildFile; fileRef = AB2D399E1EF1CE3900DC1FC3 /* Assets.xcassets */; };
		AB2D39A21EF1CE3900DC1FC3 /* LaunchScreen.storyboard in Resources */ = {isa = PBXBuildFile; fileRef = AB2D39A01EF1CE3900DC1FC3 /* LaunchScreen.storyboard */; };
		AB2D39AD1EF1CE3900DC1FC3 /* SlightestMoneyTests.swift in Sources */ = {isa = PBXBuildFile; fileRef = AB2D39AC1EF1CE3900DC1FC3 /* SlightestMoneyTests.swift */; };
		AB2D39B81EF1CE3900DC1FC3 /* SlightestMoneyUITests.swift in Sources */ = {isa = PBXBuildFile; fileRef = AB2D39B71EF1CE3900DC1FC3 /* SlightestMoneyUITests.swift */; };
		AB2D39C61EF1CEFB00DC1FC3 /* EntranceVC.swift in Sources */ = {isa = PBXBuildFile; fileRef = AB2D39C51EF1CEFB00DC1FC3 /* EntranceVC.swift */; };
		AB2D39C81EF1CF0800DC1FC3 /* MainVC.swift in Sources */ = {isa = PBXBuildFile; fileRef = AB2D39C71EF1CF0800DC1FC3 /* MainVC.swift */; };
		AB2D39CA1EF1D60A00DC1FC3 /* popoverVC.swift in Sources */ = {isa = PBXBuildFile; fileRef = AB2D39C91EF1D60A00DC1FC3 /* popoverVC.swift */; };
		AB2D39CC1EF23D4900DC1FC3 /* roundButton.swift in Sources */ = {isa = PBXBuildFile; fileRef = AB2D39CB1EF23D4900DC1FC3 /* roundButton.swift */; };
/* End PBXBuildFile section */

/* Begin PBXContainerItemProxy section */
		AB2D39A91EF1CE3900DC1FC3 /* PBXContainerItemProxy */ = {
			isa = PBXContainerItemProxy;
			containerPortal = AB2D39891EF1CE3900DC1FC3 /* Project object */;
			proxyType = 1;
			remoteGlobalIDString = AB2D39901EF1CE3900DC1FC3;
			remoteInfo = SlightestMoney;
		};
		AB2D39B41EF1CE3900DC1FC3 /* PBXContainerItemProxy */ = {
			isa = PBXContainerItemProxy;
			containerPortal = AB2D39891EF1CE3900DC1FC3 /* Project object */;
			proxyType = 1;
			remoteGlobalIDString = AB2D39901EF1CE3900DC1FC3;
			remoteInfo = SlightestMoney;
		};
/* End PBXContainerItemProxy section */

/* Begin PBXFileReference section */
		AB2D39911EF1CE3900DC1FC3 /* SlightestMoney.app */ = {isa = PBXFileReference; explicitFileType = wrapper.application; includeInIndex = 0; path = SlightestMoney.app; sourceTree = BUILT_PRODUCTS_DIR; };
		AB2D39941EF1CE3900DC1FC3 /* AppDelegate.swift */ = {isa = PBXFileReference; lastKnownFileType = sourcecode.swift; path = AppDelegate.swift; sourceTree = "<group>"; };
		AB2D39961EF1CE3900DC1FC3 /* ViewController.swift */ = {isa = PBXFileReference; lastKnownFileType = sourcecode.swift; path = ViewController.swift; sourceTree = "<group>"; };
		AB2D39991EF1CE3900DC1FC3 /* Base */ = {isa = PBXFileReference; lastKnownFileType = file.storyboard; name = Base; path = Base.lproj/Main.storyboard; sourceTree = "<group>"; };
		AB2D399C1EF1CE3900DC1FC3 /* SlightestMoney.xcdatamodel */ = {isa = PBXFileReference; lastKnownFileType = wrapper.xcdatamodel; path = SlightestMoney.xcdatamodel; sourceTree = "<group>"; };
		AB2D399E1EF1CE3900DC1FC3 /* Assets.xcassets */ = {isa = PBXFileReference; lastKnownFileType = folder.assetcatalog; path = Assets.xcassets; sourceTree = "<group>"; };
		AB2D39A11EF1CE3900DC1FC3 /* Base */ = {isa = PBXFileReference; lastKnownFileType = file.storyboard; name = Base; path = Base.lproj/LaunchScreen.storyboard; sourceTree = "<group>"; };
		AB2D39A31EF1CE3900DC1FC3 /* Info.plist */ = {isa = PBXFileReference; lastKnownFileType = text.plist.xml; path = Info.plist; sourceTree = "<group>"; };
		AB2D39A81EF1CE3900DC1FC3 /* SlightestMoneyTests.xctest */ = {isa = PBXFileReference; explicitFileType = wrapper.cfbundle; includeInIndex = 0; path = SlightestMoneyTests.xctest; sourceTree = BUILT_PRODUCTS_DIR; };
		AB2D39AC1EF1CE3900DC1FC3 /* SlightestMoneyTests.swift */ = {isa = PBXFileReference; lastKnownFileType = sourcecode.swift; path = SlightestMoneyTests.swift; sourceTree = "<group>"; };
		AB2D39AE1EF1CE3900DC1FC3 /* Info.plist */ = {isa = PBXFileReference; lastKnownFileType = text.plist.xml; path = Info.plist; sourceTree = "<group>"; };
		AB2D39B31EF1CE3900DC1FC3 /* SlightestMoneyUITests.xctest */ = {isa = PBXFileReference; explicitFileType = wrapper.cfbundle; includeInIndex = 0; path = SlightestMoneyUITests.xctest; sourceTree = BUILT_PRODUCTS_DIR; };
		AB2D39B71EF1CE3900DC1FC3 /* SlightestMoneyUITests.swift */ = {isa = PBXFileReference; lastKnownFileType = sourcecode.swift; path = SlightestMoneyUITests.swift; sourceTree = "<group>"; };
		AB2D39B91EF1CE3900DC1FC3 /* Info.plist */ = {isa = PBXFileReference; lastKnownFileType = text.plist.xml; path = Info.plist; sourceTree = "<group>"; };
		AB2D39C51EF1CEFB00DC1FC3 /* EntranceVC.swift */ = {isa = PBXFileReference; fileEncoding = 4; lastKnownFileType = sourcecode.swift; path = EntranceVC.swift; sourceTree = "<group>"; };
		AB2D39C71EF1CF0800DC1FC3 /* MainVC.swift */ = {isa = PBXFileReference; fileEncoding = 4; lastKnownFileType = sourcecode.swift; path = MainVC.swift; sourceTree = "<group>"; };
		AB2D39C91EF1D60A00DC1FC3 /* popoverVC.swift */ = {isa = PBXFileReference; fileEncoding = 4; lastKnownFileType = sourcecode.swift; path = popoverVC.swift; sourceTree = "<group>"; };
		AB2D39CB1EF23D4900DC1FC3 /* roundButton.swift */ = {isa = PBXFileReference; fileEncoding = 4; lastKnownFileType = sourcecode.swift; path = roundButton.swift; sourceTree = "<group>"; };
/* End PBXFileReference section */

/* Begin PBXFrameworksBuildPhase section */
		AB2D398E1EF1CE3900DC1FC3 /* Frameworks */ = {
			isa = PBXFrameworksBuildPhase;
			buildActionMask = 2147483647;
			files = (
			);
			runOnlyForDeploymentPostprocessing = 0;
		};
		AB2D39A51EF1CE3900DC1FC3 /* Frameworks */ = {
			isa = PBXFrameworksBuildPhase;
			buildActionMask = 2147483647;
			files = (
			);
			runOnlyForDeploymentPostprocessing = 0;
		};
		AB2D39B01EF1CE3900DC1FC3 /* Frameworks */ = {
			isa = PBXFrameworksBuildPhase;
			buildActionMask = 2147483647;
			files = (
			);
			runOnlyForDeploymentPostprocessing = 0;
		};
/* End PBXFrameworksBuildPhase section */

/* Begin PBXGroup section */
		AB2D39881EF1CE3900DC1FC3 = {
			isa = PBXGroup;
			children = (
				AB2D39931EF1CE3900DC1FC3 /* SlightestMoney */,
				AB2D39AB1EF1CE3900DC1FC3 /* SlightestMoneyTests */,
				AB2D39B61EF1CE3900DC1FC3 /* SlightestMoneyUITests */,
				AB2D39921EF1CE3900DC1FC3 /* Products */,
			);
			sourceTree = "<group>";
		};
		AB2D39921EF1CE3900DC1FC3 /* Products */ = {
			isa = PBXGroup;
			children = (
				AB2D39911EF1CE3900DC1FC3 /* SlightestMoney.app */,
				AB2D39A81EF1CE3900DC1FC3 /* SlightestMoneyTests.xctest */,
				AB2D39B31EF1CE3900DC1FC3 /* SlightestMoneyUITests.xctest */,
			);
			name = Products;
			sourceTree = "<group>";
		};
		AB2D39931EF1CE3900DC1FC3 /* SlightestMoney */ = {
			isa = PBXGroup;
			children = (
				AB2D39981EF1CE3900DC1FC3 /* Main.storyboard */,
				AB2D39941EF1CE3900DC1FC3 /* AppDelegate.swift */,
				AB2D39961EF1CE3900DC1FC3 /* ViewController.swift */,
				AB2D39CB1EF23D4900DC1FC3 /* roundButton.swift */,
				AB2D39C51EF1CEFB00DC1FC3 /* EntranceVC.swift */,
				AB2D39C71EF1CF0800DC1FC3 /* MainVC.swift */,
				AB2D39C91EF1D60A00DC1FC3 /* popoverVC.swift */,
				AB2D399E1EF1CE3900DC1FC3 /* Assets.xcassets */,
				AB2D39A01EF1CE3900DC1FC3 /* LaunchScreen.storyboard */,
				AB2D39A31EF1CE3900DC1FC3 /* Info.plist */,
				AB2D399B1EF1CE3900DC1FC3 /* SlightestMoney.xcdatamodeld */,
			);
			path = SlightestMoney;
			sourceTree = "<group>";
		};
		AB2D39AB1EF1CE3900DC1FC3 /* SlightestMoneyTests */ = {
			isa = PBXGroup;
			children = (
				AB2D39AC1EF1CE3900DC1FC3 /* SlightestMoneyTests.swift */,
				AB2D39AE1EF1CE3900DC1FC3 /* Info.plist */,
			);
			path = SlightestMoneyTests;
			sourceTree = "<group>";
		};
		AB2D39B61EF1CE3900DC1FC3 /* SlightestMoneyUITests */ = {
			isa = PBXGroup;
			children = (
				AB2D39B71EF1CE3900DC1FC3 /* SlightestMoneyUITests.swift */,
				AB2D39B91EF1CE3900DC1FC3 /* Info.plist */,
			);
			path = SlightestMoneyUITests;
			sourceTree = "<group>";
		};
/* End PBXGroup section */

/* Begin PBXNativeTarget section */
		AB2D39901EF1CE3900DC1FC3 /* SlightestMoney */ = {
			isa = PBXNativeTarget;
			buildConfigurationList = AB2D39BC1EF1CE3900DC1FC3 /* Build configuration list for PBXNativeTarget "SlightestMoney" */;
			buildPhases = (
				AB2D398D1EF1CE3900DC1FC3 /* Sources */,
				AB2D398E1EF1CE3900DC1FC3 /* Frameworks */,
				AB2D398F1EF1CE3900DC1FC3 /* Resources */,
			);
			buildRules = (
			);
			dependencies = (
			);
			name = SlightestMoney;
			productName = SlightestMoney;
			productReference = AB2D39911EF1CE3900DC1FC3 /* SlightestMoney.app */;
			productType = "com.apple.product-type.application";
		};
		AB2D39A71EF1CE3900DC1FC3 /* SlightestMoneyTests */ = {
			isa = PBXNativeTarget;
			buildConfigurationList = AB2D39BF1EF1CE3900DC1FC3 /* Build configuration list for PBXNativeTarget "SlightestMoneyTests" */;
			buildPhases = (
				AB2D39A41EF1CE3900DC1FC3 /* Sources */,
				AB2D39A51EF1CE3900DC1FC3 /* Frameworks */,
				AB2D39A61EF1CE3900DC1FC3 /* Resources */,
			);
			buildRules = (
			);
			dependencies = (
				AB2D39AA1EF1CE3900DC1FC3 /* PBXTargetDependency */,
			);
			name = SlightestMoneyTests;
			productName = SlightestMoneyTests;
			productReference = AB2D39A81EF1CE3900DC1FC3 /* SlightestMoneyTests.xctest */;
			productType = "com.apple.product-type.bundle.unit-test";
		};
		AB2D39B21EF1CE3900DC1FC3 /* SlightestMoneyUITests */ = {
			isa = PBXNativeTarget;
			buildConfigurationList = AB2D39C21EF1CE3900DC1FC3 /* Build configuration list for PBXNativeTarget "SlightestMoneyUITests" */;
			buildPhases = (
				AB2D39AF1EF1CE3900DC1FC3 /* Sources */,
				AB2D39B01EF1CE3900DC1FC3 /* Frameworks */,
				AB2D39B11EF1CE3900DC1FC3 /* Resources */,
			);
			buildRules = (
			);
			dependencies = (
				AB2D39B51EF1CE3900DC1FC3 /* PBXTargetDependency */,
			);
			name = SlightestMoneyUITests;
			productName = SlightestMoneyUITests;
			productReference = AB2D39B31EF1CE3900DC1FC3 /* SlightestMoneyUITests.xctest */;
			productType = "com.apple.product-type.bundle.ui-testing";
		};
/* End PBXNativeTarget section */

/* Begin PBXProject section */
		AB2D39891EF1CE3900DC1FC3 /* Project object */ = {
			isa = PBXProject;
			attributes = {
				LastSwiftUpdateCheck = 0830;
				LastUpgradeCheck = 0830;
				ORGANIZATIONNAME = "Scott Curry";
				TargetAttributes = {
					AB2D39901EF1CE3900DC1FC3 = {
						CreatedOnToolsVersion = 8.3.3;
						DevelopmentTeam = 6T3Q5NH7AD;
						ProvisioningStyle = Automatic;
					};
					AB2D39A71EF1CE3900DC1FC3 = {
						CreatedOnToolsVersion = 8.3.3;
						DevelopmentTeam = 6T3Q5NH7AD;
						ProvisioningStyle = Automatic;
						TestTargetID = AB2D39901EF1CE3900DC1FC3;
					};
					AB2D39B21EF1CE3900DC1FC3 = {
						CreatedOnToolsVersion = 8.3.3;
						DevelopmentTeam = 6T3Q5NH7AD;
						ProvisioningStyle = Automatic;
						TestTargetID = AB2D39901EF1CE3900DC1FC3;
					};
				};
			};
			buildConfigurationList = AB2D398C1EF1CE3900DC1FC3 /* Build configuration list for PBXProject "SlightestMoney" */;
			compatibilityVersion = "Xcode 3.2";
			developmentRegion = English;
			hasScannedForEncodings = 0;
			knownRegions = (
				en,
				Base,
			);
			mainGroup = AB2D39881EF1CE3900DC1FC3;
			productRefGroup = AB2D39921EF1CE3900DC1FC3 /* Products */;
			projectDirPath = "";
			projectRoot = "";
			targets = (
				AB2D39901EF1CE3900DC1FC3 /* SlightestMoney */,
				AB2D39A71EF1CE3900DC1FC3 /* SlightestMoneyTests */,
				AB2D39B21EF1CE3900DC1FC3 /* SlightestMoneyUITests */,
			);
		};
/* End PBXProject section */

/* Begin PBXResourcesBuildPhase section */
		AB2D398F1EF1CE3900DC1FC3 /* Resources */ = {
			isa = PBXResourcesBuildPhase;
			buildActionMask = 2147483647;
			files = (
				AB2D39A21EF1CE3900DC1FC3 /* LaunchScreen.storyboard in Resources */,
				AB2D399F1EF1CE3900DC1FC3 /* Assets.xcassets in Resources */,
				AB2D399A1EF1CE3900DC1FC3 /* Main.storyboard in Resources */,
			);
			runOnlyForDeploymentPostprocessing = 0;
		};
		AB2D39A61EF1CE3900DC1FC3 /* Resources */ = {
			isa = PBXResourcesBuildPhase;
			buildActionMask = 2147483647;
			files = (
			);
			runOnlyForDeploymentPostprocessing = 0;
		};
		AB2D39B11EF1CE3900DC1FC3 /* Resources */ = {
			isa = PBXResourcesBuildPhase;
			buildActionMask = 2147483647;
			files = (
			);
			runOnlyForDeploymentPostprocessing = 0;
		};
/* End PBXResourcesBuildPhase section */

/* Begin PBXSourcesBuildPhase section */
		AB2D398D1EF1CE3900DC1FC3 /* Sources */ = {
			isa = PBXSourcesBuildPhase;
			buildActionMask = 2147483647;
			files = (
				AB2D39C61EF1CEFB00DC1FC3 /* EntranceVC.swift in Sources */,
				AB2D39C81EF1CF0800DC1FC3 /* MainVC.swift in Sources */,
				AB2D39971EF1CE3900DC1FC3 /* ViewController.swift in Sources */,
				AB2D399D1EF1CE3900DC1FC3 /* SlightestMoney.xcdatamodeld in Sources */,
				AB2D39CC1EF23D4900DC1FC3 /* roundButton.swift in Sources */,
				AB2D39CA1EF1D60A00DC1FC3 /* popoverVC.swift in Sources */,
				AB2D39951EF1CE3900DC1FC3 /* AppDelegate.swift in Sources */,
			);
			runOnlyForDeploymentPostprocessing = 0;
		};
		AB2D39A41EF1CE3900DC1FC3 /* Sources */ = {
			isa = PBXSourcesBuildPhase;
			buildActionMask = 2147483647;
			files = (
				AB2D39AD1EF1CE3900DC1FC3 /* SlightestMoneyTests.swift in Sources */,
			);
			runOnlyForDeploymentPostprocessing = 0;
		};
		AB2D39AF1EF1CE3900DC1FC3 /* Sources */ = {
			isa = PBXSourcesBuildPhase;
			buildActionMask = 2147483647;
			files = (
				AB2D39B81EF1CE3900DC1FC3 /* SlightestMoneyUITests.swift in Sources */,
			);
			runOnlyForDeploymentPostprocessing = 0;
		};
/* End PBXSourcesBuildPhase section */

/* Begin PBXTargetDependency section */
		AB2D39AA1EF1CE3900DC1FC3 /* PBXTargetDependency */ = {
			isa = PBXTargetDependency;
			target = AB2D39901EF1CE3900DC1FC3 /* SlightestMoney */;
			targetProxy = AB2D39A91EF1CE3900DC1FC3 /* PBXContainerItemProxy */;
		};
		AB2D39B51EF1CE3900DC1FC3 /* PBXTargetDependency */ = {
			isa = PBXTargetDependency;
			target = AB2D39901EF1CE3900DC1FC3 /* SlightestMoney */;
			targetProxy = AB2D39B41EF1CE3900DC1FC3 /* PBXContainerItemProxy */;
		};
/* End PBXTargetDependency section */

/* Begin PBXVariantGroup section */
		AB2D39981EF1CE3900DC1FC3 /* Main.storyboard */ = {
			isa = PBXVariantGroup;
			children = (
				AB2D39991EF1CE3900DC1FC3 /* Base */,
			);
			name = Main.storyboard;
			sourceTree = "<group>";
		};
		AB2D39A01EF1CE3900DC1FC3 /* LaunchScreen.storyboard */ = {
			isa = PBXVariantGroup;
			children = (
				AB2D39A11EF1CE3900DC1FC3 /* Base */,
			);
			name = LaunchScreen.storyboard;
			sourceTree = "<group>";
		};
/* End PBXVariantGroup section */

/* Begin XCBuildConfiguration section */
		AB2D39BA1EF1CE3900DC1FC3 /* Debug */ = {
			isa = XCBuildConfiguration;
			buildSettings = {
				ALWAYS_SEARCH_USER_PATHS = NO;
				CLANG_ANALYZER_NONNULL = YES;
				CLANG_ANALYZER_NUMBER_OBJECT_CONVERSION = YES_AGGRESSIVE;
				CLANG_CXX_LANGUAGE_STANDARD = "gnu++0x";
				CLANG_CXX_LIBRARY = "libc++";
				CLANG_ENABLE_MODULES = YES;
				CLANG_ENABLE_OBJC_ARC = YES;
				CLANG_WARN_BOOL_CONVERSION = YES;
				CLANG_WARN_CONSTANT_CONVERSION = YES;
				CLANG_WARN_DIRECT_OBJC_ISA_USAGE = YES_ERROR;
				CLANG_WARN_DOCUMENTATION_COMMENTS = YES;
				CLANG_WARN_EMPTY_BODY = YES;
				CLANG_WARN_ENUM_CONVERSION = YES;
				CLANG_WARN_INFINITE_RECURSION = YES;
				CLANG_WARN_INT_CONVERSION = YES;
				CLANG_WARN_OBJC_ROOT_CLASS = YES_ERROR;
				CLANG_WARN_SUSPICIOUS_MOVE = YES;
				CLANG_WARN_UNREACHABLE_CODE = YES;
				CLANG_WARN__DUPLICATE_METHOD_MATCH = YES;
				"CODE_SIGN_IDENTITY[sdk=iphoneos*]" = "iPhone Developer";
				COPY_PHASE_STRIP = NO;
				DEBUG_INFORMATION_FORMAT = dwarf;
				ENABLE_STRICT_OBJC_MSGSEND = YES;
				ENABLE_TESTABILITY = YES;
				GCC_C_LANGUAGE_STANDARD = gnu99;
				GCC_DYNAMIC_NO_PIC = NO;
				GCC_NO_COMMON_BLOCKS = YES;
				GCC_OPTIMIZATION_LEVEL = 0;
				GCC_PREPROCESSOR_DEFINITIONS = (
					"DEBUG=1",
					"$(inherited)",
				);
				GCC_WARN_64_TO_32_BIT_CONVERSION = YES;
				GCC_WARN_ABOUT_RETURN_TYPE = YES_ERROR;
				GCC_WARN_UNDECLARED_SELECTOR = YES;
				GCC_WARN_UNINITIALIZED_AUTOS = YES_AGGRESSIVE;
				GCC_WARN_UNUSED_FUNCTION = YES;
				GCC_WARN_UNUSED_VARIABLE = YES;
				IPHONEOS_DEPLOYMENT_TARGET = 10.3;
				MTL_ENABLE_DEBUG_INFO = YES;
				ONLY_ACTIVE_ARCH = YES;
				SDKROOT = iphoneos;
				SWIFT_ACTIVE_COMPILATION_CONDITIONS = DEBUG;
				SWIFT_OPTIMIZATION_LEVEL = "-Onone";
			};
			name = Debug;
		};
		AB2D39BB1EF1CE3900DC1FC3 /* Release */ = {
			isa = XCBuildConfiguration;
			buildSettings = {
				ALWAYS_SEARCH_USER_PATHS = NO;
				CLANG_ANALYZER_NONNULL = YES;
				CLANG_ANALYZER_NUMBER_OBJECT_CONVERSION = YES_AGGRESSIVE;
				CLANG_CXX_LANGUAGE_STANDARD = "gnu++0x";
				CLANG_CXX_LIBRARY = "libc++";
				CLANG_ENABLE_MODULES = YES;
				CLANG_ENABLE_OBJC_ARC = YES;
				CLANG_WARN_BOOL_CONVERSION = YES;
				CLANG_WARN_CONSTANT_CONVERSION = YES;
				CLANG_WARN_DIRECT_OBJC_ISA_USAGE = YES_ERROR;
				CLANG_WARN_DOCUMENTATION_COMMENTS = YES;
				CLANG_WARN_EMPTY_BODY = YES;
				CLANG_WARN_ENUM_CONVERSION = YES;
				CLANG_WARN_INFINITE_RECURSION = YES;
				CLANG_WARN_INT_CONVERSION = YES;
				CLANG_WARN_OBJC_ROOT_CLASS = YES_ERROR;
				CLANG_WARN_SUSPICIOUS_MOVE = YES;
				CLANG_WARN_UNREACHABLE_CODE = YES;
				CLANG_WARN__DUPLICATE_METHOD_MATCH = YES;
				"CODE_SIGN_IDENTITY[sdk=iphoneos*]" = "iPhone Developer";
				COPY_PHASE_STRIP = NO;
				DEBUG_INFORMATION_FORMAT = "dwarf-with-dsym";
				ENABLE_NS_ASSERTIONS = NO;
				ENABLE_STRICT_OBJC_MSGSEND = YES;
				GCC_C_LANGUAGE_STANDARD = gnu99;
				GCC_NO_COMMON_BLOCKS = YES;
				GCC_WARN_64_TO_32_BIT_CONVERSION = YES;
				GCC_WARN_ABOUT_RETURN_TYPE = YES_ERROR;
				GCC_WARN_UNDECLARED_SELECTOR = YES;
				GCC_WARN_UNINITIALIZED_AUTOS = YES_AGGRESSIVE;
				GCC_WARN_UNUSED_FUNCTION = YES;
				GCC_WARN_UNUSED_VARIABLE = YES;
				IPHONEOS_DEPLOYMENT_TARGET = 10.3;
				MTL_ENABLE_DEBUG_INFO = NO;
				SDKROOT = iphoneos;
				SWIFT_OPTIMIZATION_LEVEL = "-Owholemodule";
				VALIDATE_PRODUCT = YES;
			};
			name = Release;
		};
		AB2D39BD1EF1CE3900DC1FC3 /* Debug */ = {
			isa = XCBuildConfiguration;
			buildSettings = {
				ASSETCATALOG_COMPILER_APPICON_NAME = AppIcon;
				DEVELOPMENT_TEAM = 6T3Q5NH7AD;
				INFOPLIST_FILE = SlightestMoney/Info.plist;
				LD_RUNPATH_SEARCH_PATHS = "$(inherited) @executable_path/Frameworks";
				PRODUCT_BUNDLE_IDENTIFIER = ICG.SlightestMoney;
				PRODUCT_NAME = "$(TARGET_NAME)";
				SWIFT_VERSION = 3.0;
			};
			name = Debug;
		};
		AB2D39BE1EF1CE3900DC1FC3 /* Release */ = {
			isa = XCBuildConfiguration;
			buildSettings = {
				ASSETCATALOG_COMPILER_APPICON_NAME = AppIcon;
				DEVELOPMENT_TEAM = 6T3Q5NH7AD;
				INFOPLIST_FILE = SlightestMoney/Info.plist;
				LD_RUNPATH_SEARCH_PATHS = "$(inherited) @executable_path/Frameworks";
				PRODUCT_BUNDLE_IDENTIFIER = ICG.SlightestMoney;
				PRODUCT_NAME = "$(TARGET_NAME)";
				SWIFT_VERSION = 3.0;
			};
			name = Release;
		};
		AB2D39C01EF1CE3900DC1FC3 /* Debug */ = {
			isa = XCBuildConfiguration;
			buildSettings = {
				ALWAYS_EMBED_SWIFT_STANDARD_LIBRARIES = YES;
				BUNDLE_LOADER = "$(TEST_HOST)";
				DEVELOPMENT_TEAM = 6T3Q5NH7AD;
				INFOPLIST_FILE = SlightestMoneyTests/Info.plist;
				LD_RUNPATH_SEARCH_PATHS = "$(inherited) @executable_path/Frameworks @loader_path/Frameworks";
				PRODUCT_BUNDLE_IDENTIFIER = ICG.SlightestMoneyTests;
				PRODUCT_NAME = "$(TARGET_NAME)";
				SWIFT_VERSION = 3.0;
				TEST_HOST = "$(BUILT_PRODUCTS_DIR)/SlightestMoney.app/SlightestMoney";
			};
			name = Debug;
		};
		AB2D39C11EF1CE3900DC1FC3 /* Release */ = {
			isa = XCBuildConfiguration;
			buildSettings = {
				ALWAYS_EMBED_SWIFT_STANDARD_LIBRARIES = YES;
				BUNDLE_LOADER = "$(TEST_HOST)";
				DEVELOPMENT_TEAM = 6T3Q5NH7AD;
				INFOPLIST_FILE = SlightestMoneyTests/Info.plist;
				LD_RUNPATH_SEARCH_PATHS = "$(inherited) @executable_path/Frameworks @loader_path/Frameworks";
				PRODUCT_BUNDLE_IDENTIFIER = ICG.SlightestMoneyTests;
				PRODUCT_NAME = "$(TARGET_NAME)";
				SWIFT_VERSION = 3.0;
				TEST_HOST = "$(BUILT_PRODUCTS_DIR)/SlightestMoney.app/SlightestMoney";
			};
			name = Release;
		};
		AB2D39C31EF1CE3900DC1FC3 /* Debug */ = {
			isa = XCBuildConfiguration;
			buildSettings = {
				ALWAYS_EMBED_SWIFT_STANDARD_LIBRARIES = YES;
				DEVELOPMENT_TEAM = 6T3Q5NH7AD;
				INFOPLIST_FILE = SlightestMoneyUITests/Info.plist;
				LD_RUNPATH_SEARCH_PATHS = "$(inherited) @executable_path/Frameworks @loader_path/Frameworks";
				PRODUCT_BUNDLE_IDENTIFIER = ICG.SlightestMoneyUITests;
				PRODUCT_NAME = "$(TARGET_NAME)";
				SWIFT_VERSION = 3.0;
				TEST_TARGET_NAME = SlightestMoney;
			};
			name = Debug;
		};
		AB2D39C41EF1CE3900DC1FC3 /* Release */ = {
			isa = XCBuildConfiguration;
			buildSettings = {
				ALWAYS_EMBED_SWIFT_STANDARD_LIBRARIES = YES;
				DEVELOPMENT_TEAM = 6T3Q5NH7AD;
				INFOPLIST_FILE = SlightestMoneyUITests/Info.plist;
				LD_RUNPATH_SEARCH_PATHS = "$(inherited) @executable_path/Frameworks @loader_path/Frameworks";
				PRODUCT_BUNDLE_IDENTIFIER = ICG.SlightestMoneyUITests;
				PRODUCT_NAME = "$(TARGET_NAME)";
				SWIFT_VERSION = 3.0;
				TEST_TARGET_NAME = SlightestMoney;
			};
			name = Release;
		};
/* End XCBuildConfiguration section */

/* Begin XCConfigurationList section */
		AB2D398C1EF1CE3900DC1FC3 /* Build configuration list for PBXProject "SlightestMoney" */ = {
			isa = XCConfigurationList;
			buildConfigurations = (
				AB2D39BA1EF1CE3900DC1FC3 /* Debug */,
				AB2D39BB1EF1CE3900DC1FC3 /* Release */,
			);
			defaultConfigurationIsVisible = 0;
			defaultConfigurationName = Release;
		};
		AB2D39BC1EF1CE3900DC1FC3 /* Build configuration list for PBXNativeTarget "SlightestMoney" */ = {
			isa = XCConfigurationList;
			buildConfigurations = (
				AB2D39BD1EF1CE3900DC1FC3 /* Debug */,
				AB2D39BE1EF1CE3900DC1FC3 /* Release */,
			);
			defaultConfigurationIsVisible = 0;
			defaultConfigurationName = Release;
		};
		AB2D39BF1EF1CE3900DC1FC3 /* Build configuration list for PBXNativeTarget "SlightestMoneyTests" */ = {
			isa = XCConfigurationList;
			buildConfigurations = (
				AB2D39C01EF1CE3900DC1FC3 /* Debug */,
				AB2D39C11EF1CE3900DC1FC3 /* Release */,
			);
			defaultConfigurationIsVisible = 0;
			defaultConfigurationName = Release;
		};
		AB2D39C21EF1CE3900DC1FC3 /* Build configuration list for PBXNativeTarget "SlightestMoneyUITests" */ = {
			isa = XCConfigurationList;
			buildConfigurations = (
				AB2D39C31EF1CE3900DC1FC3 /* Debug */,
				AB2D39C41EF1CE3900DC1FC3 /* Release */,
			);
			defaultConfigurationIsVisible = 0;
			defaultConfigurationName = Release;
		};
/* End XCConfigurationList section */

/* Begin XCVersionGroup section */
		AB2D399B1EF1CE3900DC1FC3 /* SlightestMoney.xcdatamodeld */ = {
			isa = XCVersionGroup;
			children = (
				AB2D399C1EF1CE3900DC1FC3 /* SlightestMoney.xcdatamodel */,
			);
			currentVersion = AB2D399C1EF1CE3900DC1FC3 /* SlightestMoney.xcdatamodel */;
			path = SlightestMoney.xcdatamodeld;
			sourceTree = "<group>";
			versionGroupType = wrapper.xcdatamodel;
		};
/* End XCVersionGroup section */
	};
	rootObject = AB2D39891EF1CE3900DC1FC3 /* Project object */;
}
